
Microsoft Visual Studio Solution File, Format Version 12.00
# Visual Studio Version 16
VisualStudioVersion = 16.0.33214.272
MinimumVisualStudioVersion = 10.0.40219.1
Project("{F184B08F-C81C-45F6-A57F-5ABD9991F28F}") = "SleakDirectFile", "SleakDirectFile.vbproj", "{BED4FCE1-8987-4C2E-9AAF-4DBA493B393F}"
EndProject
Global
	GlobalSection(SolutionConfigurationPlatforms) = preSolution
		Debug|Any CPU = Debug|Any CPU
		Release|Any CPU = Release|Any CPU
	EndGlobalSection
	GlobalSection(ProjectConfigurationPlatforms) = postSolution
		{BED4FCE1-8987-4C2E-9AAF-4DBA493B393F}.Debug|Any CPU.ActiveCfg = Debug|Any CPU
		{BED4FCE1-8987-4C2E-9AAF-4DBA493B393F}.Debug|Any CPU.Build.0 = Debug|Any CPU
		{BED4FCE1-8987-4C2E-9AAF-4DBA493B393F}.Release|Any CPU.ActiveCfg = Release|Any CPU
		{BED4FCE1-8987-4C2E-9AAF-4DBA493B393F}.Release|Any CPU.Build.0 = Release|Any CPU
	EndGlobalSection
	GlobalSection(SolutionProperties) = preSolution
		HideSolutionNode = FALSE
	EndGlobalSection
	GlobalSection(ExtensibilityGlobals) = postSolution
		SolutionGuid = {ECFA1329-93C4-438B-9603-B44EF215BC48}
	EndGlobalSection
EndGlobal
